
Microsoft Visual Studio Solution File, Format Version 11.00
# Visual Studio 2010
Project("{FAE04EC0-301F-11D3-BF4B-00C04F79EFBC}") = "Assembly-CSharp", "Assembly-CSharp.csproj", "{A1D5C99D-AAAE-FA97-9BAC-BE17F42F1764}"
EndProject
Project("{FAE04EC0-301F-11D3-BF4B-00C04F79EFBC}") = "Unity.ML-Agents.CommunicatorObjects", "Unity.ML-Agents.CommunicatorObjects.csproj", "{A1C54F05-D4A1-63CA-D126-52229A752BF9}"
EndProject
Project("{FAE04EC0-301F-11D3-BF4B-00C04F79EFBC}") = "Unity.ML-Agents", "Unity.ML-Agents.csproj", "{2AFF52AE-34FB-182D-EFFD-854341FDAB08}"
EndProject
Project("{FAE04EC0-301F-11D3-BF4B-00C04F79EFBC}") = "Unity.ML-Agents.Editor", "Unity.ML-Agents.Editor.csproj", "{2765D811-2FB3-9C8C-491F-8023093D1641}"
EndProject
Global
	GlobalSection(SolutionConfigurationPlatforms) = preSolution
		Debug|Any CPU = Debug|Any CPU
		Release|Any CPU = Release|Any CPU
	EndGlobalSection
	GlobalSection(ProjectConfigurationPlatforms) = postSolution
		{A1D5C99D-AAAE-FA97-9BAC-BE17F42F1764}.Debug|Any CPU.ActiveCfg = Debug|Any CPU
		{A1D5C99D-AAAE-FA97-9BAC-BE17F42F1764}.Debug|Any CPU.Build.0 = Debug|Any CPU
		{A1D5C99D-AAAE-FA97-9BAC-BE17F42F1764}.Release|Any CPU.ActiveCfg = Release|Any CPU
		{A1D5C99D-AAAE-FA97-9BAC-BE17F42F1764}.Release|Any CPU.Build.0 = Release|Any CPU
		{A1C54F05-D4A1-63CA-D126-52229A752BF9}.Debug|Any CPU.ActiveCfg = Debug|Any CPU
		{A1C54F05-D4A1-63CA-D126-52229A752BF9}.Debug|Any CPU.Build.0 = Debug|Any CPU
		{A1C54F05-D4A1-63CA-D126-52229A752BF9}.Release|Any CPU.ActiveCfg = Release|Any CPU
		{A1C54F05-D4A1-63CA-D126-52229A752BF9}.Release|Any CPU.Build.0 = Release|Any CPU
		{2AFF52AE-34FB-182D-EFFD-854341FDAB08}.Debug|Any CPU.ActiveCfg = Debug|Any CPU
		{2AFF52AE-34FB-182D-EFFD-854341FDAB08}.Debug|Any CPU.Build.0 = Debug|Any CPU
		{2AFF52AE-34FB-182D-EFFD-854341FDAB08}.Release|Any CPU.ActiveCfg = Release|Any CPU
		{2AFF52AE-34FB-182D-EFFD-854341FDAB08}.Release|Any CPU.Build.0 = Release|Any CPU
		{2765D811-2FB3-9C8C-491F-8023093D1641}.Debug|Any CPU.ActiveCfg = Debug|Any CPU
		{2765D811-2FB3-9C8C-491F-8023093D1641}.Debug|Any CPU.Build.0 = Debug|Any CPU
		{2765D811-2FB3-9C8C-491F-8023093D1641}.Release|Any CPU.ActiveCfg = Release|Any CPU
		{2765D811-2FB3-9C8C-491F-8023093D1641}.Release|Any CPU.Build.0 = Release|Any CPU
	EndGlobalSection
	GlobalSection(SolutionProperties) = preSolution
		HideSolutionNode = FALSE
	EndGlobalSection
EndGlobal
